
Microsoft Visual Studio Solution File, Format Version 12.00
# Visual Studio Version 17
VisualStudioVersion = 17.7.34003.232
MinimumVisualStudioVersion = 10.0.40219.1
Project("{FAE04EC0-301F-11D3-BF4B-00C04F79EFBC}") = "Knv.Ethernet", "Knv.Ethernet\Knv.Ethernet.csproj", "{18AF89D3-7674-4726-A3AF-D3296EB9F3E2}"
EndProject
Global
	GlobalSection(SolutionConfigurationPlatforms) = preSolution
		Debug|Any CPU = Debug|Any CPU
		Release|Any CPU = Release|Any CPU
	EndGlobalSection
	GlobalSection(ProjectConfigurationPlatforms) = postSolution
		{18AF89D3-7674-4726-A3AF-D3296EB9F3E2}.Debug|Any CPU.ActiveCfg = Debug|Any CPU
		{18AF89D3-7674-4726-A3AF-D3296EB9F3E2}.Debug|Any CPU.Build.0 = Debug|Any CPU
		{18AF89D3-7674-4726-A3AF-D3296EB9F3E2}.Release|Any CPU.ActiveCfg = Release|Any CPU
		{18AF89D3-7674-4726-A3AF-D3296EB9F3E2}.Release|Any CPU.Build.0 = Release|Any CPU
	EndGlobalSection
	GlobalSection(SolutionProperties) = preSolution
		HideSolutionNode = FALSE
	EndGlobalSection
	GlobalSection(ExtensibilityGlobals) = postSolution
		SolutionGuid = {5A737980-9103-43E0-99B1-6435621233F4}
	EndGlobalSection
EndGlobal
